// !$*UTF8*$!
{
	archiveVersion = 1;
	classes = {
	};
	objectVersion = 46;
	objects = {

/* Begin PBXBuildFile section */
		890C827F1651F08C00BB9510 /* GenBasB.ttf in Resources */ = {isa = PBXBuildFile; fileRef = 890C827A1651F08C00BB9510 /* GenBasB.ttf */; };
		890C82801651F08C00BB9510 /* GenBasBI.ttf in Resources */ = {isa = PBXBuildFile; fileRef = 890C827B1651F08C00BB9510 /* GenBasBI.ttf */; };
		890C82811651F08C00BB9510 /* GenBasI.ttf in Resources */ = {isa = PBXBuildFile; fileRef = 890C827C1651F08C00BB9510 /* GenBasI.ttf */; };
		890C82821651F08C00BB9510 /* GenBasR.ttf in Resources */ = {isa = PBXBuildFile; fileRef = 890C827D1651F08C00BB9510 /* GenBasR.ttf */; };
		890C82831651F08C00BB9510 /* OFL.txt in Resources */ = {isa = PBXBuildFile; fileRef = 890C827E1651F08C00BB9510 /* OFL.txt */; };
		89188CB9164ED5C60045B36F /* UIKit.framework in Frameworks */ = {isa = PBXBuildFile; fileRef = 89188CB8164ED5C60045B36F /* UIKit.framework */; };
		89188CBB164ED5C60045B36F /* Foundation.framework in Frameworks */ = {isa = PBXBuildFile; fileRef = 89188CBA164ED5C60045B36F /* Foundation.framework */; };
		89188CBD164ED5C60045B36F /* CoreGraphics.framework in Frameworks */ = {isa = PBXBuildFile; fileRef = 89188CBC164ED5C60045B36F /* CoreGraphics.framework */; };
		89188CC3164ED5C60045B36F /* InfoPlist.strings in Resources */ = {isa = PBXBuildFile; fileRef = 89188CC1164ED5C60045B36F /* InfoPlist.strings */; };
		89188CC5164ED5C60045B36F /* main.m in Sources */ = {isa = PBXBuildFile; fileRef = 89188CC4164ED5C60045B36F /* main.m */; };
		89188CC9164ED5C70045B36F /* AppDelegate.m in Sources */ = {isa = PBXBuildFile; fileRef = 89188CC8164ED5C70045B36F /* AppDelegate.m */; };
		89188CCB164ED5C70045B36F /* Default.png in Resources */ = {isa = PBXBuildFile; fileRef = 89188CCA164ED5C70045B36F /* Default.png */; };
		89188CCD164ED5C70045B36F /* Default@2x.png in Resources */ = {isa = PBXBuildFile; fileRef = 89188CCC164ED5C70045B36F /* Default@2x.png */; };
		89188CCF164ED5C70045B36F /* Default-568h@2x.png in Resources */ = {isa = PBXBuildFile; fileRef = 89188CCE164ED5C70045B36F /* Default-568h@2x.png */; };
		89188CD2164ED5C70045B36F /* ViewController.m in Sources */ = {isa = PBXBuildFile; fileRef = 89188CD1164ED5C70045B36F /* ViewController.m */; };
		89188CD5164ED5C70045B36F /* ViewController.xib in Resources */ = {isa = PBXBuildFile; fileRef = 89188CD3164ED5C70045B36F /* ViewController.xib */; };
		89188CDC164ED8320045B36F /* FacebookSDK.framework in Frameworks */ = {isa = PBXBuildFile; fileRef = 89188CDB164ED8320045B36F /* FacebookSDK.framework */; };
		89188CDE164ED87F0045B36F /* FacebookSDKResources.bundle in Resources */ = {isa = PBXBuildFile; fileRef = 89188CDD164ED87F0045B36F /* FacebookSDKResources.bundle */; };
		89188CE0164ED8CC0045B36F /* Accounts.framework in Frameworks */ = {isa = PBXBuildFile; fileRef = 89188CDF164ED8CC0045B36F /* Accounts.framework */; };
		89188CE4164ED8E60045B36F /* Social.framework in Frameworks */ = {isa = PBXBuildFile; fileRef = 89188CE2164ED8E60045B36F /* Social.framework */; };
		89188CE5164ED9430045B36F /* AdSupport.framework in Frameworks */ = {isa = PBXBuildFile; fileRef = 89188CE1164ED8E60045B36F /* AdSupport.framework */; };
		893C61791651E48A004AC03B /* AgreementViewController.m in Sources */ = {isa = PBXBuildFile; fileRef = 893C61771651E48A004AC03B /* AgreementViewController.m */; };
		893C617A1651E48A004AC03B /* AgreementViewController.xib in Resources */ = {isa = PBXBuildFile; fileRef = 893C61781651E48A004AC03B /* AgreementViewController.xib */; };
		894BD7F5165051C500F56D61 /* CFNetwork.framework in Frameworks */ = {isa = PBXBuildFile; fileRef = 894BD7F4165051C500F56D61 /* CFNetwork.framework */; };
		894BD7F7165051D500F56D61 /* SystemConfiguration.framework in Frameworks */ = {isa = PBXBuildFile; fileRef = 894BD7F6165051D500F56D61 /* SystemConfiguration.framework */; };
		894BD7F9165051DF00F56D61 /* MobileCoreServices.framework in Frameworks */ = {isa = PBXBuildFile; fileRef = 894BD7F8165051DF00F56D61 /* MobileCoreServices.framework */; };
		894BD7FB1650520F00F56D61 /* libz.dylib in Frameworks */ = {isa = PBXBuildFile; fileRef = 894BD7FA1650520F00F56D61 /* libz.dylib */; };
		894BD8001650566E00F56D61 /* ASIHTTPRequest.framework in Frameworks */ = {isa = PBXBuildFile; fileRef = 894BD7FF1650566E00F56D61 /* ASIHTTPRequest.framework */; };
		894BD81F1650584D00F56D61 /* NSObject+SBJson.m in Sources */ = {isa = PBXBuildFile; fileRef = 894BD8071650584D00F56D61 /* NSObject+SBJson.m */; };
		894BD8201650584D00F56D61 /* SBJsonParser.m in Sources */ = {isa = PBXBuildFile; fileRef = 894BD80A1650584D00F56D61 /* SBJsonParser.m */; };
		894BD8211650584D00F56D61 /* SBJsonStreamParser.m in Sources */ = {isa = PBXBuildFile; fileRef = 894BD80C1650584D00F56D61 /* SBJsonStreamParser.m */; };
		894BD8221650584D00F56D61 /* SBJsonStreamParserAccumulator.m in Sources */ = {isa = PBXBuildFile; fileRef = 894BD80E1650584D00F56D61 /* SBJsonStreamParserAccumulator.m */; };
		894BD8231650584D00F56D61 /* SBJsonStreamParserAdapter.m in Sources */ = {isa = PBXBuildFile; fileRef = 894BD8101650584D00F56D61 /* SBJsonStreamParserAdapter.m */; };
		894BD8241650584D00F56D61 /* SBJsonStreamParserState.m in Sources */ = {isa = PBXBuildFile; fileRef = 894BD8121650584D00F56D61 /* SBJsonStreamParserState.m */; };
		894BD8251650584D00F56D61 /* SBJsonStreamWriter.m in Sources */ = {isa = PBXBuildFile; fileRef = 894BD8141650584D00F56D61 /* SBJsonStreamWriter.m */; };
		894BD8261650584D00F56D61 /* SBJsonStreamWriterAccumulator.m in Sources */ = {isa = PBXBuildFile; fileRef = 894BD8161650584D00F56D61 /* SBJsonStreamWriterAccumulator.m */; };
		894BD8271650584D00F56D61 /* SBJsonStreamWriterState.m in Sources */ = {isa = PBXBuildFile; fileRef = 894BD8181650584D00F56D61 /* SBJsonStreamWriterState.m */; };
		894BD8281650584D00F56D61 /* SBJsonTokeniser.m in Sources */ = {isa = PBXBuildFile; fileRef = 894BD81A1650584D00F56D61 /* SBJsonTokeniser.m */; };
		894BD8291650584D00F56D61 /* SBJsonUTF8Stream.m in Sources */ = {isa = PBXBuildFile; fileRef = 894BD81C1650584D00F56D61 /* SBJsonUTF8Stream.m */; };
		894BD82A1650584D00F56D61 /* SBJsonWriter.m in Sources */ = {isa = PBXBuildFile; fileRef = 894BD81E1650584D00F56D61 /* SBJsonWriter.m */; };
		894C7BDB1654652B0085391A /* CoreLocation.framework in Frameworks */ = {isa = PBXBuildFile; fileRef = 894C7BDA1654652B0085391A /* CoreLocation.framework */; };
		89D7D65D1651FAC800D5EFDA /* pasteur_backgrond_retina4.png in Resources */ = {isa = PBXBuildFile; fileRef = 89D7D65C1651FAC800D5EFDA /* pasteur_backgrond_retina4.png */; };
		89D7D6611652007100D5EFDA /* UIButton+Glossy.m in Sources */ = {isa = PBXBuildFile; fileRef = 89D7D6601652007100D5EFDA /* UIButton+Glossy.m */; };
		89D7D663165202A000D5EFDA /* whiteButton.png in Resources */ = {isa = PBXBuildFile; fileRef = 89D7D662165202A000D5EFDA /* whiteButton.png */; };
		89D7D667165203A000D5EFDA /* blueButton.png in Resources */ = {isa = PBXBuildFile; fileRef = 89D7D666165203A000D5EFDA /* blueButton.png */; };
		89D7D686165209AE00D5EFDA /* blackButton.png in Resources */ = {isa = PBXBuildFile; fileRef = 89D7D669165209AE00D5EFDA /* blackButton.png */; };
		89D7D687165209AE00D5EFDA /* blackButton@2x.png in Resources */ = {isa = PBXBuildFile; fileRef = 89D7D66A165209AE00D5EFDA /* blackButton@2x.png */; };
		89D7D688165209AE00D5EFDA /* blackButtonHighlight.png in Resources */ = {isa = PBXBuildFile; fileRef = 89D7D66B165209AE00D5EFDA /* blackButtonHighlight.png */; };
		89D7D689165209AE00D5EFDA /* blackButtonHighlight@2x.png in Resources */ = {isa = PBXBuildFile; fileRef = 89D7D66C165209AE00D5EFDA /* blackButtonHighlight@2x.png */; };
		89D7D68A165209AE00D5EFDA /* blueButton.png in Resources */ = {isa = PBXBuildFile; fileRef = 89D7D66D165209AE00D5EFDA /* blueButton.png */; };
		89D7D68B165209AE00D5EFDA /* blueButton@2x.png in Resources */ = {isa = PBXBuildFile; fileRef = 89D7D66E165209AE00D5EFDA /* blueButton@2x.png */; };
		89D7D68C165209AE00D5EFDA /* blueButtonHighlight.png in Resources */ = {isa = PBXBuildFile; fileRef = 89D7D66F165209AE00D5EFDA /* blueButtonHighlight.png */; };
		89D7D68D165209AE00D5EFDA /* blueButtonHighlight@2x.png in Resources */ = {isa = PBXBuildFile; fileRef = 89D7D670165209AE00D5EFDA /* blueButtonHighlight@2x.png */; };
		89D7D68E165209AE00D5EFDA /* greenButton.png in Resources */ = {isa = PBXBuildFile; fileRef = 89D7D671165209AE00D5EFDA /* greenButton.png */; };
		89D7D68F165209AE00D5EFDA /* greenButton@2x.png in Resources */ = {isa = PBXBuildFile; fileRef = 89D7D672165209AE00D5EFDA /* greenButton@2x.png */; };
		89D7D690165209AE00D5EFDA /* greenButtonHighlight.png in Resources */ = {isa = PBXBuildFile; fileRef = 89D7D673165209AE00D5EFDA /* greenButtonHighlight.png */; };
		89D7D691165209AE00D5EFDA /* greenButtonHighlight@2x.png in Resources */ = {isa = PBXBuildFile; fileRef = 89D7D674165209AE00D5EFDA /* greenButtonHighlight@2x.png */; };
		89D7D692165209AE00D5EFDA /* greyButton.png in Resources */ = {isa = PBXBuildFile; fileRef = 89D7D675165209AE00D5EFDA /* greyButton.png */; };
		89D7D693165209AE00D5EFDA /* greyButton@2x.png in Resources */ = {isa = PBXBuildFile; fileRef = 89D7D676165209AE00D5EFDA /* greyButton@2x.png */; };
		89D7D694165209AE00D5EFDA /* greyButton@2xpng in Resources */ = {isa = PBXBuildFile; fileRef = 89D7D677165209AE00D5EFDA /* greyButton@2xpng */; };
		89D7D695165209AE00D5EFDA /* greyButtonHighlight.png in Resources */ = {isa = PBXBuildFile; fileRef = 89D7D678165209AE00D5EFDA /* greyButtonHighlight.png */; };
		89D7D696165209AE00D5EFDA /* greyButtonHighlight@2x.png in Resources */ = {isa = PBXBuildFile; fileRef = 89D7D679165209AE00D5EFDA /* greyButtonHighlight@2x.png */; };
		89D7D697165209AE00D5EFDA /* orangeButton.png in Resources */ = {isa = PBXBuildFile; fileRef = 89D7D67A165209AE00D5EFDA /* orangeButton.png */; };
		89D7D698165209AE00D5EFDA /* orangeButton@2x.png in Resources */ = {isa = PBXBuildFile; fileRef = 89D7D67B165209AE00D5EFDA /* orangeButton@2x.png */; };
		89D7D699165209AE00D5EFDA /* orangeButtonHighlight.png in Resources */ = {isa = PBXBuildFile; fileRef = 89D7D67C165209AE00D5EFDA /* orangeButtonHighlight.png */; };
		89D7D69A165209AE00D5EFDA /* orangeButtonHighlight@2x.png in Resources */ = {isa = PBXBuildFile; fileRef = 89D7D67D165209AE00D5EFDA /* orangeButtonHighlight@2x.png */; };
		89D7D69B165209AE00D5EFDA /* tanButton.png in Resources */ = {isa = PBXBuildFile; fileRef = 89D7D67E165209AE00D5EFDA /* tanButton.png */; };
		89D7D69C165209AE00D5EFDA /* tanButton@2x.png in Resources */ = {isa = PBXBuildFile; fileRef = 89D7D67F165209AE00D5EFDA /* tanButton@2x.png */; };
		89D7D69D165209AE00D5EFDA /* tanButtonHighlight.png in Resources */ = {isa = PBXBuildFile; fileRef = 89D7D680165209AE00D5EFDA /* tanButtonHighlight.png */; };
		89D7D69E165209AE00D5EFDA /* tanButtonHighlight@2x.png in Resources */ = {isa = PBXBuildFile; fileRef = 89D7D681165209AE00D5EFDA /* tanButtonHighlight@2x.png */; };
		89D7D69F165209AE00D5EFDA /* whiteButton.png in Resources */ = {isa = PBXBuildFile; fileRef = 89D7D682165209AE00D5EFDA /* whiteButton.png */; };
		89D7D6A0165209AE00D5EFDA /* whiteButton@2x.png in Resources */ = {isa = PBXBuildFile; fileRef = 89D7D683165209AE00D5EFDA /* whiteButton@2x.png */; };
		89D7D6A1165209AE00D5EFDA /* whiteButtonHighlight.png in Resources */ = {isa = PBXBuildFile; fileRef = 89D7D684165209AE00D5EFDA /* whiteButtonHighlight.png */; };
		89D7D6A2165209AE00D5EFDA /* whiteButtonHighlight@2x.png in Resources */ = {isa = PBXBuildFile; fileRef = 89D7D685165209AE00D5EFDA /* whiteButtonHighlight@2x.png */; };
		89D7D6A516522A9700D5EFDA /* fb-login-button-small-pressed@2x.png in Resources */ = {isa = PBXBuildFile; fileRef = 89D7D6A316522A9700D5EFDA /* fb-login-button-small-pressed@2x.png */; };
		89D7D6A616522A9700D5EFDA /* fb-login-button-small@2x.png in Resources */ = {isa = PBXBuildFile; fileRef = 89D7D6A416522A9700D5EFDA /* fb-login-button-small@2x.png */; };
		984B228F164F51730044A611 /* pasteur_lowres.png in Resources */ = {isa = PBXBuildFile; fileRef = 984B228E164F51730044A611 /* pasteur_lowres.png */; };
		984B2291164F54690044A611 /* pasteur_highres.png in Resources */ = {isa = PBXBuildFile; fileRef = 984B2290164F54690044A611 /* pasteur_highres.png */; };
/* End PBXBuildFile section */

/* Begin PBXFileReference section */
		890C827A1651F08C00BB9510 /* GenBasB.ttf */ = {isa = PBXFileReference; lastKnownFileType = file; path = GenBasB.ttf; sourceTree = "<group>"; };
		890C827B1651F08C00BB9510 /* GenBasBI.ttf */ = {isa = PBXFileReference; lastKnownFileType = file; path = GenBasBI.ttf; sourceTree = "<group>"; };
		890C827C1651F08C00BB9510 /* GenBasI.ttf */ = {isa = PBXFileReference; lastKnownFileType = file; path = GenBasI.ttf; sourceTree = "<group>"; };
		890C827D1651F08C00BB9510 /* GenBasR.ttf */ = {isa = PBXFileReference; lastKnownFileType = file; path = GenBasR.ttf; sourceTree = "<group>"; };
		890C827E1651F08C00BB9510 /* OFL.txt */ = {isa = PBXFileReference; fileEncoding = 4; lastKnownFileType = text; path = OFL.txt; sourceTree = "<group>"; };
		89188CB4164ED5C60045B36F /* Pasteur.app */ = {isa = PBXFileReference; explicitFileType = wrapper.application; includeInIndex = 0; path = Pasteur.app; sourceTree = BUILT_PRODUCTS_DIR; };
		89188CB8164ED5C60045B36F /* UIKit.framework */ = {isa = PBXFileReference; lastKnownFileType = wrapper.framework; name = UIKit.framework; path = System/Library/Frameworks/UIKit.framework; sourceTree = SDKROOT; };
		89188CBA164ED5C60045B36F /* Foundation.framework */ = {isa = PBXFileReference; lastKnownFileType = wrapper.framework; name = Foundation.framework; path = System/Library/Frameworks/Foundation.framework; sourceTree = SDKROOT; };
		89188CBC164ED5C60045B36F /* CoreGraphics.framework */ = {isa = PBXFileReference; lastKnownFileType = wrapper.framework; name = CoreGraphics.framework; path = System/Library/Frameworks/CoreGraphics.framework; sourceTree = SDKROOT; };
		89188CC0164ED5C60045B36F /* Pasteur-Info.plist */ = {isa = PBXFileReference; lastKnownFileType = text.plist.xml; path = "Pasteur-Info.plist"; sourceTree = "<group>"; };
		89188CC2164ED5C60045B36F /* en */ = {isa = PBXFileReference; lastKnownFileType = text.plist.strings; name = en; path = en.lproj/InfoPlist.strings; sourceTree = "<group>"; };
		89188CC4164ED5C60045B36F /* main.m */ = {isa = PBXFileReference; lastKnownFileType = sourcecode.c.objc; path = main.m; sourceTree = "<group>"; };
		89188CC6164ED5C60045B36F /* Pasteur-Prefix.pch */ = {isa = PBXFileReference; lastKnownFileType = sourcecode.c.h; path = "Pasteur-Prefix.pch"; sourceTree = "<group>"; };
		89188CC7164ED5C60045B36F /* AppDelegate.h */ = {isa = PBXFileReference; lastKnownFileType = sourcecode.c.h; path = AppDelegate.h; sourceTree = "<group>"; };
		89188CC8164ED5C70045B36F /* AppDelegate.m */ = {isa = PBXFileReference; lastKnownFileType = sourcecode.c.objc; path = AppDelegate.m; sourceTree = "<group>"; };
		89188CCA164ED5C70045B36F /* Default.png */ = {isa = PBXFileReference; lastKnownFileType = image.png; path = Default.png; sourceTree = "<group>"; };
		89188CCC164ED5C70045B36F /* Default@2x.png */ = {isa = PBXFileReference; lastKnownFileType = image.png; path = "Default@2x.png"; sourceTree = "<group>"; };
		89188CCE164ED5C70045B36F /* Default-568h@2x.png */ = {isa = PBXFileReference; lastKnownFileType = image.png; path = "Default-568h@2x.png"; sourceTree = "<group>"; };
		89188CD0164ED5C70045B36F /* ViewController.h */ = {isa = PBXFileReference; lastKnownFileType = sourcecode.c.h; path = ViewController.h; sourceTree = "<group>"; };
		89188CD1164ED5C70045B36F /* ViewController.m */ = {isa = PBXFileReference; lastKnownFileType = sourcecode.c.objc; path = ViewController.m; sourceTree = "<group>"; };
		89188CD4164ED5C70045B36F /* en */ = {isa = PBXFileReference; lastKnownFileType = file.xib; name = en; path = en.lproj/ViewController.xib; sourceTree = "<group>"; };
		89188CDB164ED8320045B36F /* FacebookSDK.framework */ = {isa = PBXFileReference; lastKnownFileType = wrapper.framework; path = FacebookSDK.framework; sourceTree = "<group>"; };
		89188CDD164ED87F0045B36F /* FacebookSDKResources.bundle */ = {isa = PBXFileReference; lastKnownFileType = "wrapper.plug-in"; path = FacebookSDKResources.bundle; sourceTree = "<group>"; };
		89188CDF164ED8CC0045B36F /* Accounts.framework */ = {isa = PBXFileReference; lastKnownFileType = wrapper.framework; name = Accounts.framework; path = System/Library/Frameworks/Accounts.framework; sourceTree = SDKROOT; };
		89188CE1164ED8E60045B36F /* AdSupport.framework */ = {isa = PBXFileReference; lastKnownFileType = wrapper.framework; name = AdSupport.framework; path = System/Library/Frameworks/AdSupport.framework; sourceTree = SDKROOT; };
		89188CE2164ED8E60045B36F /* Social.framework */ = {isa = PBXFileReference; lastKnownFileType = wrapper.framework; name = Social.framework; path = System/Library/Frameworks/Social.framework; sourceTree = SDKROOT; };
		893C61761651E48A004AC03B /* AgreementViewController.h */ = {isa = PBXFileReference; fileEncoding = 4; lastKnownFileType = sourcecode.c.h; path = AgreementViewController.h; sourceTree = "<group>"; };
		893C61771651E48A004AC03B /* AgreementViewController.m */ = {isa = PBXFileReference; fileEncoding = 4; lastKnownFileType = sourcecode.c.objc; path = AgreementViewController.m; sourceTree = "<group>"; };
		893C61781651E48A004AC03B /* AgreementViewController.xib */ = {isa = PBXFileReference; fileEncoding = 4; lastKnownFileType = file.xib; path = AgreementViewController.xib; sourceTree = "<group>"; };
		894BD7F4165051C500F56D61 /* CFNetwork.framework */ = {isa = PBXFileReference; lastKnownFileType = wrapper.framework; name = CFNetwork.framework; path = System/Library/Frameworks/CFNetwork.framework; sourceTree = SDKROOT; };
		894BD7F6165051D500F56D61 /* SystemConfiguration.framework */ = {isa = PBXFileReference; lastKnownFileType = wrapper.framework; name = SystemConfiguration.framework; path = System/Library/Frameworks/SystemConfiguration.framework; sourceTree = SDKROOT; };
		894BD7F8165051DF00F56D61 /* MobileCoreServices.framework */ = {isa = PBXFileReference; lastKnownFileType = wrapper.framework; name = MobileCoreServices.framework; path = System/Library/Frameworks/MobileCoreServices.framework; sourceTree = SDKROOT; };
		894BD7FA1650520F00F56D61 /* libz.dylib */ = {isa = PBXFileReference; lastKnownFileType = "compiled.mach-o.dylib"; name = libz.dylib; path = usr/lib/libz.dylib; sourceTree = SDKROOT; };
		894BD7FF1650566E00F56D61 /* ASIHTTPRequest.framework */ = {isa = PBXFileReference; lastKnownFileType = wrapper.framework; path = ASIHTTPRequest.framework; sourceTree = "<group>"; };
		894BD8061650584D00F56D61 /* NSObject+SBJson.h */ = {isa = PBXFileReference; fileEncoding = 4; lastKnownFileType = sourcecode.c.h; path = "NSObject+SBJson.h"; sourceTree = "<group>"; };
		894BD8071650584D00F56D61 /* NSObject+SBJson.m */ = {isa = PBXFileReference; fileEncoding = 4; lastKnownFileType = sourcecode.c.objc; path = "NSObject+SBJson.m"; sourceTree = "<group>"; };
		894BD8081650584D00F56D61 /* SBJson.h */ = {isa = PBXFileReference; fileEncoding = 4; lastKnownFileType = sourcecode.c.h; path = SBJson.h; sourceTree = "<group>"; };
		894BD8091650584D00F56D61 /* SBJsonParser.h */ = {isa = PBXFileReference; fileEncoding = 4; lastKnownFileType = sourcecode.c.h; path = SBJsonParser.h; sourceTree = "<group>"; };
		894BD80A1650584D00F56D61 /* SBJsonParser.m */ = {isa = PBXFileReference; fileEncoding = 4; lastKnownFileType = sourcecode.c.objc; path = SBJsonParser.m; sourceTree = "<group>"; };
		894BD80B1650584D00F56D61 /* SBJsonStreamParser.h */ = {isa = PBXFileReference; fileEncoding = 4; lastKnownFileType = sourcecode.c.h; path = SBJsonStreamParser.h; sourceTree = "<group>"; };
		894BD80C1650584D00F56D61 /* SBJsonStreamParser.m */ = {isa = PBXFileReference; fileEncoding = 4; lastKnownFileType = sourcecode.c.objc; path = SBJsonStreamParser.m; sourceTree = "<group>"; };
		894BD80D1650584D00F56D61 /* SBJsonStreamParserAccumulator.h */ = {isa = PBXFileReference; fileEncoding = 4; lastKnownFileType = sourcecode.c.h; path = SBJsonStreamParserAccumulator.h; sourceTree = "<group>"; };
		894BD80E1650584D00F56D61 /* SBJsonStreamParserAccumulator.m */ = {isa = PBXFileReference; fileEncoding = 4; lastKnownFileType = sourcecode.c.objc; path = SBJsonStreamParserAccumulator.m; sourceTree = "<group>"; };
		894BD80F1650584D00F56D61 /* SBJsonStreamParserAdapter.h */ = {isa = PBXFileReference; fileEncoding = 4; lastKnownFileType = sourcecode.c.h; path = SBJsonStreamParserAdapter.h; sourceTree = "<group>"; };
		894BD8101650584D00F56D61 /* SBJsonStreamParserAdapter.m */ = {isa = PBXFileReference; fileEncoding = 4; lastKnownFileType = sourcecode.c.objc; path = SBJsonStreamParserAdapter.m; sourceTree = "<group>"; };
		894BD8111650584D00F56D61 /* SBJsonStreamParserState.h */ = {isa = PBXFileReference; fileEncoding = 4; lastKnownFileType = sourcecode.c.h; path = SBJsonStreamParserState.h; sourceTree = "<group>"; };
		894BD8121650584D00F56D61 /* SBJsonStreamParserState.m */ = {isa = PBXFileReference; fileEncoding = 4; lastKnownFileType = sourcecode.c.objc; path = SBJsonStreamParserState.m; sourceTree = "<group>"; };
		894BD8131650584D00F56D61 /* SBJsonStreamWriter.h */ = {isa = PBXFileReference; fileEncoding = 4; lastKnownFileType = sourcecode.c.h; path = SBJsonStreamWriter.h; sourceTree = "<group>"; };
		894BD8141650584D00F56D61 /* SBJsonStreamWriter.m */ = {isa = PBXFileReference; fileEncoding = 4; lastKnownFileType = sourcecode.c.objc; path = SBJsonStreamWriter.m; sourceTree = "<group>"; };
		894BD8151650584D00F56D61 /* SBJsonStreamWriterAccumulator.h */ = {isa = PBXFileReference; fileEncoding = 4; lastKnownFileType = sourcecode.c.h; path = SBJsonStreamWriterAccumulator.h; sourceTree = "<group>"; };
		894BD8161650584D00F56D61 /* SBJsonStreamWriterAccumulator.m */ = {isa = PBXFileReference; fileEncoding = 4; lastKnownFileType = sourcecode.c.objc; path = SBJsonStreamWriterAccumulator.m; sourceTree = "<group>"; };
		894BD8171650584D00F56D61 /* SBJsonStreamWriterState.h */ = {isa = PBXFileReference; fileEncoding = 4; lastKnownFileType = sourcecode.c.h; path = SBJsonStreamWriterState.h; sourceTree = "<group>"; };
		894BD8181650584D00F56D61 /* SBJsonStreamWriterState.m */ = {isa = PBXFileReference; fileEncoding = 4; lastKnownFileType = sourcecode.c.objc; path = SBJsonStreamWriterState.m; sourceTree = "<group>"; };
		894BD8191650584D00F56D61 /* SBJsonTokeniser.h */ = {isa = PBXFileReference; fileEncoding = 4; lastKnownFileType = sourcecode.c.h; path = SBJsonTokeniser.h; sourceTree = "<group>"; };
		894BD81A1650584D00F56D61 /* SBJsonTokeniser.m */ = {isa = PBXFileReference; fileEncoding = 4; lastKnownFileType = sourcecode.c.objc; path = SBJsonTokeniser.m; sourceTree = "<group>"; };
		894BD81B1650584D00F56D61 /* SBJsonUTF8Stream.h */ = {isa = PBXFileReference; fileEncoding = 4; lastKnownFileType = sourcecode.c.h; path = SBJsonUTF8Stream.h; sourceTree = "<group>"; };
		894BD81C1650584D00F56D61 /* SBJsonUTF8Stream.m */ = {isa = PBXFileReference; fileEncoding = 4; lastKnownFileType = sourcecode.c.objc; path = SBJsonUTF8Stream.m; sourceTree = "<group>"; };
		894BD81D1650584D00F56D61 /* SBJsonWriter.h */ = {isa = PBXFileReference; fileEncoding = 4; lastKnownFileType = sourcecode.c.h; path = SBJsonWriter.h; sourceTree = "<group>"; };
		894BD81E1650584D00F56D61 /* SBJsonWriter.m */ = {isa = PBXFileReference; fileEncoding = 4; lastKnownFileType = sourcecode.c.objc; path = SBJsonWriter.m; sourceTree = "<group>"; };
		894C7BDA1654652B0085391A /* CoreLocation.framework */ = {isa = PBXFileReference; lastKnownFileType = wrapper.framework; name = CoreLocation.framework; path = System/Library/Frameworks/CoreLocation.framework; sourceTree = SDKROOT; };
		89D7D65C1651FAC800D5EFDA /* pasteur_backgrond_retina4.png */ = {isa = PBXFileReference; lastKnownFileType = image.png; path = pasteur_backgrond_retina4.png; sourceTree = "<group>"; };
		89D7D65F1652005300D5EFDA /* UIButton+Glossy.h */ = {isa = PBXFileReference; lastKnownFileType = sourcecode.c.h; path = "UIButton+Glossy.h"; sourceTree = "<group>"; };
		89D7D6601652007100D5EFDA /* UIButton+Glossy.m */ = {isa = PBXFileReference; fileEncoding = 4; lastKnownFileType = sourcecode.c.objc; path = "UIButton+Glossy.m"; sourceTree = "<group>"; };
		89D7D662165202A000D5EFDA /* whiteButton.png */ = {isa = PBXFileReference; lastKnownFileType = image.png; path = whiteButton.png; sourceTree = "<group>"; };
		89D7D666165203A000D5EFDA /* blueButton.png */ = {isa = PBXFileReference; lastKnownFileType = image.png; path = blueButton.png; sourceTree = "<group>"; };
		89D7D669165209AE00D5EFDA /* blackButton.png */ = {isa = PBXFileReference; lastKnownFileType = image.png; path = blackButton.png; sourceTree = "<group>"; };
		89D7D66A165209AE00D5EFDA /* blackButton@2x.png */ = {isa = PBXFileReference; lastKnownFileType = image.png; path = "blackButton@2x.png"; sourceTree = "<group>"; };
		89D7D66B165209AE00D5EFDA /* blackButtonHighlight.png */ = {isa = PBXFileReference; lastKnownFileType = image.png; path = blackButtonHighlight.png; sourceTree = "<group>"; };
		89D7D66C165209AE00D5EFDA /* blackButtonHighlight@2x.png */ = {isa = PBXFileReference; lastKnownFileType = image.png; path = "blackButtonHighlight@2x.png"; sourceTree = "<group>"; };
		89D7D66D165209AE00D5EFDA /* blueButton.png */ = {isa = PBXFileReference; lastKnownFileType = image.png; path = blueButton.png; sourceTree = "<group>"; };
		89D7D66E165209AE00D5EFDA /* blueButton@2x.png */ = {isa = PBXFileReference; lastKnownFileType = image.png; path = "blueButton@2x.png"; sourceTree = "<group>"; };
		89D7D66F165209AE00D5EFDA /* blueButtonHighlight.png */ = {isa = PBXFileReference; lastKnownFileType = image.png; path = blueButtonHighlight.png; sourceTree = "<group>"; };
		89D7D670165209AE00D5EFDA /* blueButtonHighlight@2x.png */ = {isa = PBXFileReference; lastKnownFileType = image.png; path = "blueButtonHighlight@2x.png"; sourceTree = "<group>"; };
		89D7D671165209AE00D5EFDA /* greenButton.png */ = {isa = PBXFileReference; lastKnownFileType = image.png; path = greenButton.png; sourceTree = "<group>"; };
		89D7D672165209AE00D5EFDA /* greenButton@2x.png */ = {isa = PBXFileReference; lastKnownFileType = image.png; path = "greenButton@2x.png"; sourceTree = "<group>"; };
		89D7D673165209AE00D5EFDA /* greenButtonHighlight.png */ = {isa = PBXFileReference; lastKnownFileType = image.png; path = greenButtonHighlight.png; sourceTree = "<group>"; };
		89D7D674165209AE00D5EFDA /* greenButtonHighlight@2x.png */ = {isa = PBXFileReference; lastKnownFileType = image.png; path = "greenButtonHighlight@2x.png"; sourceTree = "<group>"; };
		89D7D675165209AE00D5EFDA /* greyButton.png */ = {isa = PBXFileReference; lastKnownFileType = image.png; path = greyButton.png; sourceTree = "<group>"; };
		89D7D676165209AE00D5EFDA /* greyButton@2x.png */ = {isa = PBXFileReference; lastKnownFileType = image.png; path = "greyButton@2x.png"; sourceTree = "<group>"; };
		89D7D677165209AE00D5EFDA /* greyButton@2xpng */ = {isa = PBXFileReference; lastKnownFileType = file; path = "greyButton@2xpng"; sourceTree = "<group>"; };
		89D7D678165209AE00D5EFDA /* greyButtonHighlight.png */ = {isa = PBXFileReference; lastKnownFileType = image.png; path = greyButtonHighlight.png; sourceTree = "<group>"; };
		89D7D679165209AE00D5EFDA /* greyButtonHighlight@2x.png */ = {isa = PBXFileReference; lastKnownFileType = image.png; path = "greyButtonHighlight@2x.png"; sourceTree = "<group>"; };
		89D7D67A165209AE00D5EFDA /* orangeButton.png */ = {isa = PBXFileReference; lastKnownFileType = image.png; path = orangeButton.png; sourceTree = "<group>"; };
		89D7D67B165209AE00D5EFDA /* orangeButton@2x.png */ = {isa = PBXFileReference; lastKnownFileType = image.png; path = "orangeButton@2x.png"; sourceTree = "<group>"; };
		89D7D67C165209AE00D5EFDA /* orangeButtonHighlight.png */ = {isa = PBXFileReference; lastKnownFileType = image.png; path = orangeButtonHighlight.png; sourceTree = "<group>"; };
		89D7D67D165209AE00D5EFDA /* orangeButtonHighlight@2x.png */ = {isa = PBXFileReference; lastKnownFileType = image.png; path = "orangeButtonHighlight@2x.png"; sourceTree = "<group>"; };
		89D7D67E165209AE00D5EFDA /* tanButton.png */ = {isa = PBXFileReference; lastKnownFileType = image.png; path = tanButton.png; sourceTree = "<group>"; };
		89D7D67F165209AE00D5EFDA /* tanButton@2x.png */ = {isa = PBXFileReference; lastKnownFileType = image.png; path = "tanButton@2x.png"; sourceTree = "<group>"; };
		89D7D680165209AE00D5EFDA /* tanButtonHighlight.png */ = {isa = PBXFileReference; lastKnownFileType = image.png; path = tanButtonHighlight.png; sourceTree = "<group>"; };
		89D7D681165209AE00D5EFDA /* tanButtonHighlight@2x.png */ = {isa = PBXFileReference; lastKnownFileType = image.png; path = "tanButtonHighlight@2x.png"; sourceTree = "<group>"; };
		89D7D682165209AE00D5EFDA /* whiteButton.png */ = {isa = PBXFileReference; lastKnownFileType = image.png; path = whiteButton.png; sourceTree = "<group>"; };
		89D7D683165209AE00D5EFDA /* whiteButton@2x.png */ = {isa = PBXFileReference; lastKnownFileType = image.png; path = "whiteButton@2x.png"; sourceTree = "<group>"; };
		89D7D684165209AE00D5EFDA /* whiteButtonHighlight.png */ = {isa = PBXFileReference; lastKnownFileType = image.png; path = whiteButtonHighlight.png; sourceTree = "<group>"; };
		89D7D685165209AE00D5EFDA /* whiteButtonHighlight@2x.png */ = {isa = PBXFileReference; lastKnownFileType = image.png; path = "whiteButtonHighlight@2x.png"; sourceTree = "<group>"; };
		89D7D6A316522A9700D5EFDA /* fb-login-button-small-pressed@2x.png */ = {isa = PBXFileReference; lastKnownFileType = image.png; path = "fb-login-button-small-pressed@2x.png"; sourceTree = "<group>"; };
		89D7D6A416522A9700D5EFDA /* fb-login-button-small@2x.png */ = {isa = PBXFileReference; lastKnownFileType = image.png; path = "fb-login-button-small@2x.png"; sourceTree = "<group>"; };
		984B228E164F51730044A611 /* pasteur_lowres.png */ = {isa = PBXFileReference; lastKnownFileType = image.png; path = pasteur_lowres.png; sourceTree = "<group>"; };
		984B2290164F54690044A611 /* pasteur_highres.png */ = {isa = PBXFileReference; lastKnownFileType = image.png; path = pasteur_highres.png; sourceTree = "<group>"; };
		984B2292164F563D0044A611 /* Default-568h@2x.png */ = {isa = PBXFileReference; lastKnownFileType = image.png; path = "Default-568h@2x.png"; sourceTree = "<group>"; };
/* End PBXFileReference section */

/* Begin PBXFrameworksBuildPhase section */
		89188CB1164ED5C60045B36F /* Frameworks */ = {
			isa = PBXFrameworksBuildPhase;
			buildActionMask = 2147483647;
			files = (
				894C7BDB1654652B0085391A /* CoreLocation.framework in Frameworks */,
				894BD7FB1650520F00F56D61 /* libz.dylib in Frameworks */,
				89188CBD164ED5C60045B36F /* CoreGraphics.framework in Frameworks */,
				894BD7F9165051DF00F56D61 /* MobileCoreServices.framework in Frameworks */,
				894BD7F7165051D500F56D61 /* SystemConfiguration.framework in Frameworks */,
				894BD7F5165051C500F56D61 /* CFNetwork.framework in Frameworks */,
				89188CE5164ED9430045B36F /* AdSupport.framework in Frameworks */,
				89188CE4164ED8E60045B36F /* Social.framework in Frameworks */,
				89188CE0164ED8CC0045B36F /* Accounts.framework in Frameworks */,
				89188CB9164ED5C60045B36F /* UIKit.framework in Frameworks */,
				89188CBB164ED5C60045B36F /* Foundation.framework in Frameworks */,
				89188CDC164ED8320045B36F /* FacebookSDK.framework in Frameworks */,
				894BD8001650566E00F56D61 /* ASIHTTPRequest.framework in Frameworks */,
			);
			runOnlyForDeploymentPostprocessing = 0;
		};
/* End PBXFrameworksBuildPhase section */

/* Begin PBXGroup section */
		890C82771651F07900BB9510 /* Resources */ = {
			isa = PBXGroup;
			children = (
				89D7D6A316522A9700D5EFDA /* fb-login-button-small-pressed@2x.png */,
				89D7D6A416522A9700D5EFDA /* fb-login-button-small@2x.png */,
				89D7D668165209AE00D5EFDA /* buttons */,
				89D7D662165202A000D5EFDA /* whiteButton.png */,
				89D7D666165203A000D5EFDA /* blueButton.png */,
				89D7D65C1651FAC800D5EFDA /* pasteur_backgrond_retina4.png */,
				890C82791651F08C00BB9510 /* Gentium_Basic */,
			);
			name = Resources;
			sourceTree = "<group>";
		};
		890C82791651F08C00BB9510 /* Gentium_Basic */ = {
			isa = PBXGroup;
			children = (
				890C827A1651F08C00BB9510 /* GenBasB.ttf */,
				890C827B1651F08C00BB9510 /* GenBasBI.ttf */,
				890C827C1651F08C00BB9510 /* GenBasI.ttf */,
				890C827D1651F08C00BB9510 /* GenBasR.ttf */,
				890C827E1651F08C00BB9510 /* OFL.txt */,
			);
			path = Gentium_Basic;
			sourceTree = "<group>";
		};
		89188CA9164ED5C60045B36F = {
			isa = PBXGroup;
			children = (
				894C7BDA1654652B0085391A /* CoreLocation.framework */,
				890C82771651F07900BB9510 /* Resources */,
				894BD8051650584D00F56D61 /* json-parser */,
				894BD7FF1650566E00F56D61 /* ASIHTTPRequest.framework */,
				894BD7FA1650520F00F56D61 /* libz.dylib */,
				894BD7F8165051DF00F56D61 /* MobileCoreServices.framework */,
				894BD7F6165051D500F56D61 /* SystemConfiguration.framework */,
				894BD7F4165051C500F56D61 /* CFNetwork.framework */,
				984B2292164F563D0044A611 /* Default-568h@2x.png */,
				984B2290164F54690044A611 /* pasteur_highres.png */,
				984B228E164F51730044A611 /* pasteur_lowres.png */,
				89188CE1164ED8E60045B36F /* AdSupport.framework */,
				89188CE2164ED8E60045B36F /* Social.framework */,
				89188CDF164ED8CC0045B36F /* Accounts.framework */,
				89188CBE164ED5C60045B36F /* Pasteur */,
				89188CB7164ED5C60045B36F /* Frameworks */,
				89188CB5164ED5C60045B36F /* Products */,
			);
			sourceTree = "<group>";
		};
		89188CB5164ED5C60045B36F /* Products */ = {
			isa = PBXGroup;
			children = (
				89188CB4164ED5C60045B36F /* Pasteur.app */,
			);
			name = Products;
			sourceTree = "<group>";
		};
		89188CB7164ED5C60045B36F /* Frameworks */ = {
			isa = PBXGroup;
			children = (
				89188CDD164ED87F0045B36F /* FacebookSDKResources.bundle */,
				89188CDB164ED8320045B36F /* FacebookSDK.framework */,
				89188CB8164ED5C60045B36F /* UIKit.framework */,
				89188CBA164ED5C60045B36F /* Foundation.framework */,
				89188CBC164ED5C60045B36F /* CoreGraphics.framework */,
			);
			name = Frameworks;
			sourceTree = "<group>";
		};
		89188CBE164ED5C60045B36F /* Pasteur */ = {
			isa = PBXGroup;
			children = (
				89188CC7164ED5C60045B36F /* AppDelegate.h */,
				89D7D65F1652005300D5EFDA /* UIButton+Glossy.h */,
				89D7D6601652007100D5EFDA /* UIButton+Glossy.m */,
				89188CC8164ED5C70045B36F /* AppDelegate.m */,
				89188CD0164ED5C70045B36F /* ViewController.h */,
				89188CD1164ED5C70045B36F /* ViewController.m */,
				89188CD3164ED5C70045B36F /* ViewController.xib */,
				89188CBF164ED5C60045B36F /* Supporting Files */,
				893C61761651E48A004AC03B /* AgreementViewController.h */,
				893C61771651E48A004AC03B /* AgreementViewController.m */,
				893C61781651E48A004AC03B /* AgreementViewController.xib */,
			);
			path = Pasteur;
			sourceTree = "<group>";
		};
		89188CBF164ED5C60045B36F /* Supporting Files */ = {
			isa = PBXGroup;
			children = (
				89188CC0164ED5C60045B36F /* Pasteur-Info.plist */,
				89188CC1164ED5C60045B36F /* InfoPlist.strings */,
				89188CC4164ED5C60045B36F /* main.m */,
				89188CC6164ED5C60045B36F /* Pasteur-Prefix.pch */,
				89188CCA164ED5C70045B36F /* Default.png */,
				89188CCC164ED5C70045B36F /* Default@2x.png */,
				89188CCE164ED5C70045B36F /* Default-568h@2x.png */,
			);
			name = "Supporting Files";
			sourceTree = "<group>";
		};
		894BD8051650584D00F56D61 /* json-parser */ = {
			isa = PBXGroup;
			children = (
				894BD8061650584D00F56D61 /* NSObject+SBJson.h */,
				894BD8071650584D00F56D61 /* NSObject+SBJson.m */,
				894BD8081650584D00F56D61 /* SBJson.h */,
				894BD8091650584D00F56D61 /* SBJsonParser.h */,
				894BD80A1650584D00F56D61 /* SBJsonParser.m */,
				894BD80B1650584D00F56D61 /* SBJsonStreamParser.h */,
				894BD80C1650584D00F56D61 /* SBJsonStreamParser.m */,
				894BD80D1650584D00F56D61 /* SBJsonStreamParserAccumulator.h */,
				894BD80E1650584D00F56D61 /* SBJsonStreamParserAccumulator.m */,
				894BD80F1650584D00F56D61 /* SBJsonStreamParserAdapter.h */,
				894BD8101650584D00F56D61 /* SBJsonStreamParserAdapter.m */,
				894BD8111650584D00F56D61 /* SBJsonStreamParserState.h */,
				894BD8121650584D00F56D61 /* SBJsonStreamParserState.m */,
				894BD8131650584D00F56D61 /* SBJsonStreamWriter.h */,
				894BD8141650584D00F56D61 /* SBJsonStreamWriter.m */,
				894BD8151650584D00F56D61 /* SBJsonStreamWriterAccumulator.h */,
				894BD8161650584D00F56D61 /* SBJsonStreamWriterAccumulator.m */,
				894BD8171650584D00F56D61 /* SBJsonStreamWriterState.h */,
				894BD8181650584D00F56D61 /* SBJsonStreamWriterState.m */,
				894BD8191650584D00F56D61 /* SBJsonTokeniser.h */,
				894BD81A1650584D00F56D61 /* SBJsonTokeniser.m */,
				894BD81B1650584D00F56D61 /* SBJsonUTF8Stream.h */,
				894BD81C1650584D00F56D61 /* SBJsonUTF8Stream.m */,
				894BD81D1650584D00F56D61 /* SBJsonWriter.h */,
				894BD81E1650584D00F56D61 /* SBJsonWriter.m */,
			);
			path = "json-parser";
			sourceTree = "<group>";
		};
		89D7D668165209AE00D5EFDA /* buttons */ = {
			isa = PBXGroup;
			children = (
				89D7D669165209AE00D5EFDA /* blackButton.png */,
				89D7D66A165209AE00D5EFDA /* blackButton@2x.png */,
				89D7D66B165209AE00D5EFDA /* blackButtonHighlight.png */,
				89D7D66C165209AE00D5EFDA /* blackButtonHighlight@2x.png */,
				89D7D66D165209AE00D5EFDA /* blueButton.png */,
				89D7D66E165209AE00D5EFDA /* blueButton@2x.png */,
				89D7D66F165209AE00D5EFDA /* blueButtonHighlight.png */,
				89D7D670165209AE00D5EFDA /* blueButtonHighlight@2x.png */,
				89D7D671165209AE00D5EFDA /* greenButton.png */,
				89D7D672165209AE00D5EFDA /* greenButton@2x.png */,
				89D7D673165209AE00D5EFDA /* greenButtonHighlight.png */,
				89D7D674165209AE00D5EFDA /* greenButtonHighlight@2x.png */,
				89D7D675165209AE00D5EFDA /* greyButton.png */,
				89D7D676165209AE00D5EFDA /* greyButton@2x.png */,
				89D7D677165209AE00D5EFDA /* greyButton@2xpng */,
				89D7D678165209AE00D5EFDA /* greyButtonHighlight.png */,
				89D7D679165209AE00D5EFDA /* greyButtonHighlight@2x.png */,
				89D7D67A165209AE00D5EFDA /* orangeButton.png */,
				89D7D67B165209AE00D5EFDA /* orangeButton@2x.png */,
				89D7D67C165209AE00D5EFDA /* orangeButtonHighlight.png */,
				89D7D67D165209AE00D5EFDA /* orangeButtonHighlight@2x.png */,
				89D7D67E165209AE00D5EFDA /* tanButton.png */,
				89D7D67F165209AE00D5EFDA /* tanButton@2x.png */,
				89D7D680165209AE00D5EFDA /* tanButtonHighlight.png */,
				89D7D681165209AE00D5EFDA /* tanButtonHighlight@2x.png */,
				89D7D682165209AE00D5EFDA /* whiteButton.png */,
				89D7D683165209AE00D5EFDA /* whiteButton@2x.png */,
				89D7D684165209AE00D5EFDA /* whiteButtonHighlight.png */,
				89D7D685165209AE00D5EFDA /* whiteButtonHighlight@2x.png */,
			);
			path = buttons;
			sourceTree = "<group>";
		};
/* End PBXGroup section */

/* Begin PBXNativeTarget section */
		89188CB3164ED5C60045B36F /* Pasteur */ = {
			isa = PBXNativeTarget;
			buildConfigurationList = 89188CD8164ED5C70045B36F /* Build configuration list for PBXNativeTarget "Pasteur" */;
			buildPhases = (
				89188CB0164ED5C60045B36F /* Sources */,
				89188CB1164ED5C60045B36F /* Frameworks */,
				89188CB2164ED5C60045B36F /* Resources */,
			);
			buildRules = (
			);
			dependencies = (
			);
			name = Pasteur;
			productName = Pasteur;
			productReference = 89188CB4164ED5C60045B36F /* Pasteur.app */;
			productType = "com.apple.product-type.application";
		};
/* End PBXNativeTarget section */

/* Begin PBXProject section */
		89188CAB164ED5C60045B36F /* Project object */ = {
			isa = PBXProject;
			attributes = {
				LastUpgradeCheck = 0450;
				ORGANIZATIONNAME = "Harvard University";
			};
			buildConfigurationList = 89188CAE164ED5C60045B36F /* Build configuration list for PBXProject "Pasteur" */;
			compatibilityVersion = "Xcode 3.2";
			developmentRegion = English;
			hasScannedForEncodings = 0;
			knownRegions = (
				en,
			);
			mainGroup = 89188CA9164ED5C60045B36F;
			productRefGroup = 89188CB5164ED5C60045B36F /* Products */;
			projectDirPath = "";
			projectRoot = "";
			targets = (
				89188CB3164ED5C60045B36F /* Pasteur */,
			);
		};
/* End PBXProject section */

/* Begin PBXResourcesBuildPhase section */
		89188CB2164ED5C60045B36F /* Resources */ = {
			isa = PBXResourcesBuildPhase;
			buildActionMask = 2147483647;
			files = (
				89188CC3164ED5C60045B36F /* InfoPlist.strings in Resources */,
				89188CCB164ED5C70045B36F /* Default.png in Resources */,
				89188CCD164ED5C70045B36F /* Default@2x.png in Resources */,
				89188CCF164ED5C70045B36F /* Default-568h@2x.png in Resources */,
				89188CD5164ED5C70045B36F /* ViewController.xib in Resources */,
				89188CDE164ED87F0045B36F /* FacebookSDKResources.bundle in Resources */,
				984B228F164F51730044A611 /* pasteur_lowres.png in Resources */,
				984B2291164F54690044A611 /* pasteur_highres.png in Resources */,
				893C617A1651E48A004AC03B /* AgreementViewController.xib in Resources */,
				890C827F1651F08C00BB9510 /* GenBasB.ttf in Resources */,
				890C82801651F08C00BB9510 /* GenBasBI.ttf in Resources */,
				890C82811651F08C00BB9510 /* GenBasI.ttf in Resources */,
				890C82821651F08C00BB9510 /* GenBasR.ttf in Resources */,
				890C82831651F08C00BB9510 /* OFL.txt in Resources */,
				89D7D65D1651FAC800D5EFDA /* pasteur_backgrond_retina4.png in Resources */,
				89D7D663165202A000D5EFDA /* whiteButton.png in Resources */,
				89D7D667165203A000D5EFDA /* blueButton.png in Resources */,
				89D7D686165209AE00D5EFDA /* blackButton.png in Resources */,
				89D7D687165209AE00D5EFDA /* blackButton@2x.png in Resources */,
				89D7D688165209AE00D5EFDA /* blackButtonHighlight.png in Resources */,
				89D7D689165209AE00D5EFDA /* blackButtonHighlight@2x.png in Resources */,
				89D7D68A165209AE00D5EFDA /* blueButton.png in Resources */,
				89D7D68B165209AE00D5EFDA /* blueButton@2x.png in Resources */,
				89D7D68C165209AE00D5EFDA /* blueButtonHighlight.png in Resources */,
				89D7D68D165209AE00D5EFDA /* blueButtonHighlight@2x.png in Resources */,
				89D7D68E165209AE00D5EFDA /* greenButton.png in Resources */,
				89D7D68F165209AE00D5EFDA /* greenButton@2x.png in Resources */,
				89D7D690165209AE00D5EFDA /* greenButtonHighlight.png in Resources */,
				89D7D691165209AE00D5EFDA /* greenButtonHighlight@2x.png in Resources */,
				89D7D692165209AE00D5EFDA /* greyButton.png in Resources */,
				89D7D693165209AE00D5EFDA /* greyButton@2x.png in Resources */,
				89D7D694165209AE00D5EFDA /* greyButton@2xpng in Resources */,
				89D7D695165209AE00D5EFDA /* greyButtonHighlight.png in Resources */,
				89D7D696165209AE00D5EFDA /* greyButtonHighlight@2x.png in Resources */,
				89D7D697165209AE00D5EFDA /* orangeButton.png in Resources */,
				89D7D698165209AE00D5EFDA /* orangeButton@2x.png in Resources */,
				89D7D699165209AE00D5EFDA /* orangeButtonHighlight.png in Resources */,
				89D7D69A165209AE00D5EFDA /* orangeButtonHighlight@2x.png in Resources */,
				89D7D69B165209AE00D5EFDA /* tanButton.png in Resources */,
				89D7D69C165209AE00D5EFDA /* tanButton@2x.png in Resources */,
				89D7D69D165209AE00D5EFDA /* tanButtonHighlight.png in Resources */,
				89D7D69E165209AE00D5EFDA /* tanButtonHighlight@2x.png in Resources */,
				89D7D69F165209AE00D5EFDA /* whiteButton.png in Resources */,
				89D7D6A0165209AE00D5EFDA /* whiteButton@2x.png in Resources */,
				89D7D6A1165209AE00D5EFDA /* whiteButtonHighlight.png in Resources */,
				89D7D6A2165209AE00D5EFDA /* whiteButtonHighlight@2x.png in Resources */,
				89D7D6A516522A9700D5EFDA /* fb-login-button-small-pressed@2x.png in Resources */,
				89D7D6A616522A9700D5EFDA /* fb-login-button-small@2x.png in Resources */,
			);
			runOnlyForDeploymentPostprocessing = 0;
		};
/* End PBXResourcesBuildPhase section */

/* Begin PBXSourcesBuildPhase section */
		89188CB0164ED5C60045B36F /* Sources */ = {
			isa = PBXSourcesBuildPhase;
			buildActionMask = 2147483647;
			files = (
				89188CC5164ED5C60045B36F /* main.m in Sources */,
				89188CC9164ED5C70045B36F /* AppDelegate.m in Sources */,
				89188CD2164ED5C70045B36F /* ViewController.m in Sources */,
				894BD81F1650584D00F56D61 /* NSObject+SBJson.m in Sources */,
				894BD8201650584D00F56D61 /* SBJsonParser.m in Sources */,
				894BD8211650584D00F56D61 /* SBJsonStreamParser.m in Sources */,
				894BD8221650584D00F56D61 /* SBJsonStreamParserAccumulator.m in Sources */,
				894BD8231650584D00F56D61 /* SBJsonStreamParserAdapter.m in Sources */,
				894BD8241650584D00F56D61 /* SBJsonStreamParserState.m in Sources */,
				894BD8251650584D00F56D61 /* SBJsonStreamWriter.m in Sources */,
				894BD8261650584D00F56D61 /* SBJsonStreamWriterAccumulator.m in Sources */,
				894BD8271650584D00F56D61 /* SBJsonStreamWriterState.m in Sources */,
				894BD8281650584D00F56D61 /* SBJsonTokeniser.m in Sources */,
				894BD8291650584D00F56D61 /* SBJsonUTF8Stream.m in Sources */,
				894BD82A1650584D00F56D61 /* SBJsonWriter.m in Sources */,
				893C61791651E48A004AC03B /* AgreementViewController.m in Sources */,
				89D7D6611652007100D5EFDA /* UIButton+Glossy.m in Sources */,
			);
			runOnlyForDeploymentPostprocessing = 0;
		};
/* End PBXSourcesBuildPhase section */

/* Begin PBXVariantGroup section */
		89188CC1164ED5C60045B36F /* InfoPlist.strings */ = {
			isa = PBXVariantGroup;
			children = (
				89188CC2164ED5C60045B36F /* en */,
			);
			name = InfoPlist.strings;
			sourceTree = "<group>";
		};
		89188CD3164ED5C70045B36F /* ViewController.xib */ = {
			isa = PBXVariantGroup;
			children = (
				89188CD4164ED5C70045B36F /* en */,
			);
			name = ViewController.xib;
			sourceTree = "<group>";
		};
/* End PBXVariantGroup section */

/* Begin XCBuildConfiguration section */
		89188CD6164ED5C70045B36F /* Debug */ = {
			isa = XCBuildConfiguration;
			buildSettings = {
				ALWAYS_SEARCH_USER_PATHS = NO;
				CLANG_CXX_LANGUAGE_STANDARD = "gnu++0x";
				CLANG_CXX_LIBRARY = "libc++";
				CLANG_ENABLE_OBJC_ARC = YES;
				CLANG_WARN_EMPTY_BODY = YES;
				CLANG_WARN__DUPLICATE_METHOD_MATCH = YES;
				"CODE_SIGN_IDENTITY[sdk=iphoneos*]" = "iPhone Developer";
				COPY_PHASE_STRIP = NO;
				GCC_C_LANGUAGE_STANDARD = gnu99;
				GCC_DYNAMIC_NO_PIC = NO;
				GCC_OPTIMIZATION_LEVEL = 0;
				GCC_PREPROCESSOR_DEFINITIONS = (
					"DEBUG=1",
					"$(inherited)",
				);
				GCC_SYMBOLS_PRIVATE_EXTERN = NO;
				GCC_WARN_ABOUT_RETURN_TYPE = YES;
				GCC_WARN_UNINITIALIZED_AUTOS = YES;
				GCC_WARN_UNUSED_VARIABLE = YES;
				IPHONEOS_DEPLOYMENT_TARGET = 6.0;
				SDKROOT = iphoneos;
			};
			name = Debug;
		};
		89188CD7164ED5C70045B36F /* Release */ = {
			isa = XCBuildConfiguration;
			buildSettings = {
				ALWAYS_SEARCH_USER_PATHS = NO;
				CLANG_CXX_LANGUAGE_STANDARD = "gnu++0x";
				CLANG_CXX_LIBRARY = "libc++";
				CLANG_ENABLE_OBJC_ARC = YES;
				CLANG_WARN_EMPTY_BODY = YES;
				CLANG_WARN__DUPLICATE_METHOD_MATCH = YES;
				"CODE_SIGN_IDENTITY[sdk=iphoneos*]" = "iPhone Developer";
				COPY_PHASE_STRIP = YES;
				GCC_C_LANGUAGE_STANDARD = gnu99;
				GCC_WARN_ABOUT_RETURN_TYPE = YES;
				GCC_WARN_UNINITIALIZED_AUTOS = YES;
				GCC_WARN_UNUSED_VARIABLE = YES;
				IPHONEOS_DEPLOYMENT_TARGET = 6.0;
				OTHER_CFLAGS = "-DNS_BLOCK_ASSERTIONS=1";
				SDKROOT = iphoneos;
				VALIDATE_PRODUCT = YES;
			};
			name = Release;
		};
		89188CD9164ED5C70045B36F /* Debug */ = {
			isa = XCBuildConfiguration;
			buildSettings = {
				FRAMEWORK_SEARCH_PATHS = (
					"$(inherited)",
					"\"$(SRCROOT)\"",
				);
				GCC_PRECOMPILE_PREFIX_HEADER = YES;
				GCC_PREFIX_HEADER = "Pasteur/Pasteur-Prefix.pch";
				INFOPLIST_FILE = "Pasteur/Pasteur-Info.plist";
				IPHONEOS_DEPLOYMENT_TARGET = 6.0;
				OTHER_LDFLAGS = "-lsqlite3.0";
				PRODUCT_NAME = "$(TARGET_NAME)";
				WRAPPER_EXTENSION = app;
			};
			name = Debug;
		};
		89188CDA164ED5C70045B36F /* Release */ = {
			isa = XCBuildConfiguration;
			buildSettings = {
				FRAMEWORK_SEARCH_PATHS = (
					"$(inherited)",
					"\"$(SRCROOT)\"",
				);
				GCC_PRECOMPILE_PREFIX_HEADER = YES;
				GCC_PREFIX_HEADER = "Pasteur/Pasteur-Prefix.pch";
				INFOPLIST_FILE = "Pasteur/Pasteur-Info.plist";
				IPHONEOS_DEPLOYMENT_TARGET = 6.0;
				OTHER_LDFLAGS = "-lsqlite3.0";
				PRODUCT_NAME = "$(TARGET_NAME)";
				WRAPPER_EXTENSION = app;
			};
			name = Release;
		};
/* End XCBuildConfiguration section */

/* Begin XCConfigurationList section */
		89188CAE164ED5C60045B36F /* Build configuration list for PBXProject "Pasteur" */ = {
			isa = XCConfigurationList;
			buildConfigurations = (
				89188CD6164ED5C70045B36F /* Debug */,
				89188CD7164ED5C70045B36F /* Release */,
			);
			defaultConfigurationIsVisible = 0;
			defaultConfigurationName = Release;
		};
		89188CD8164ED5C70045B36F /* Build configuration list for PBXNativeTarget "Pasteur" */ = {
			isa = XCConfigurationList;
			buildConfigurations = (
				89188CD9164ED5C70045B36F /* Debug */,
				89188CDA164ED5C70045B36F /* Release */,
			);
			defaultConfigurationIsVisible = 0;
			defaultConfigurationName = Release;
		};
/* End XCConfigurationList section */
	};
	rootObject = 89188CAB164ED5C60045B36F /* Project object */;
}
